
Microsoft Visual Studio Solution File, Format Version 12.00
# Visual Studio Version 16
VisualStudioVersion = 16.0.29411.108
MinimumVisualStudioVersion = 10.0.40219.1
Project("{FAE04EC0-301F-11D3-BF4B-00C04F79EFBC}") = "Fraction", "Fraction\Fraction.csproj", "{4F23C305-B646-47C2-887B-6D1931F9914A}"
EndProject
Project("{FAE04EC0-301F-11D3-BF4B-00C04F79EFBC}") = "ACMP", "Негрухой телефон\ACMP.csproj", "{456536A9-A7A9-4199-B2F8-25791451CD2D}"
EndProject
Project("{FAE04EC0-301F-11D3-BF4B-00C04F79EFBC}") = "Test", "Test\Test.csproj", "{27C20A39-9738-4EE1-83E8-1634D3779AA1}"
EndProject
Project("{FAE04EC0-301F-11D3-BF4B-00C04F79EFBC}") = "Dynamics", "Dynamics\Dynamics.csproj", "{4F2486BB-5B69-46DB-8B96-0902C95B33FC}"
EndProject
Project("{FAE04EC0-301F-11D3-BF4B-00C04F79EFBC}") = "MyUtils", "MyUtils\MyUtils.csproj", "{FD061454-08B9-4033-BD62-C1C8AAB28639}"
EndProject
Project("{FAE04EC0-301F-11D3-BF4B-00C04F79EFBC}") = "JsonSerialize", "JsonSerialize\JsonSerialize.csproj", "{03117CB9-5D70-4868-80E1-08825BC6281B}"
EndProject
Global
	GlobalSection(SolutionConfigurationPlatforms) = preSolution
		Debug|Any CPU = Debug|Any CPU
		Debug|x64 = Debug|x64
		Debug|x86 = Debug|x86
		Release|Any CPU = Release|Any CPU
		Release|x64 = Release|x64
		Release|x86 = Release|x86
	EndGlobalSection
	GlobalSection(ProjectConfigurationPlatforms) = postSolution
		{4F23C305-B646-47C2-887B-6D1931F9914A}.Debug|Any CPU.ActiveCfg = Debug|Any CPU
		{4F23C305-B646-47C2-887B-6D1931F9914A}.Debug|Any CPU.Build.0 = Debug|Any CPU
		{4F23C305-B646-47C2-887B-6D1931F9914A}.Debug|x64.ActiveCfg = Debug|Any CPU
		{4F23C305-B646-47C2-887B-6D1931F9914A}.Debug|x64.Build.0 = Debug|Any CPU
		{4F23C305-B646-47C2-887B-6D1931F9914A}.Debug|x86.ActiveCfg = Debug|Any CPU
		{4F23C305-B646-47C2-887B-6D1931F9914A}.Debug|x86.Build.0 = Debug|Any CPU
		{4F23C305-B646-47C2-887B-6D1931F9914A}.Release|Any CPU.ActiveCfg = Release|Any CPU
		{4F23C305-B646-47C2-887B-6D1931F9914A}.Release|Any CPU.Build.0 = Release|Any CPU
		{4F23C305-B646-47C2-887B-6D1931F9914A}.Release|x64.ActiveCfg = Release|Any CPU
		{4F23C305-B646-47C2-887B-6D1931F9914A}.Release|x64.Build.0 = Release|Any CPU
		{4F23C305-B646-47C2-887B-6D1931F9914A}.Release|x86.ActiveCfg = Release|Any CPU
		{4F23C305-B646-47C2-887B-6D1931F9914A}.Release|x86.Build.0 = Release|Any CPU
		{456536A9-A7A9-4199-B2F8-25791451CD2D}.Debug|Any CPU.ActiveCfg = Debug|Any CPU
		{456536A9-A7A9-4199-B2F8-25791451CD2D}.Debug|Any CPU.Build.0 = Debug|Any CPU
		{456536A9-A7A9-4199-B2F8-25791451CD2D}.Debug|x64.ActiveCfg = Debug|Any CPU
		{456536A9-A7A9-4199-B2F8-25791451CD2D}.Debug|x64.Build.0 = Debug|Any CPU
		{456536A9-A7A9-4199-B2F8-25791451CD2D}.Debug|x86.ActiveCfg = Debug|Any CPU
		{456536A9-A7A9-4199-B2F8-25791451CD2D}.Debug|x86.Build.0 = Debug|Any CPU
		{456536A9-A7A9-4199-B2F8-25791451CD2D}.Release|Any CPU.ActiveCfg = Release|Any CPU
		{456536A9-A7A9-4199-B2F8-25791451CD2D}.Release|Any CPU.Build.0 = Release|Any CPU
		{456536A9-A7A9-4199-B2F8-25791451CD2D}.Release|x64.ActiveCfg = Release|Any CPU
		{456536A9-A7A9-4199-B2F8-25791451CD2D}.Release|x64.Build.0 = Release|Any CPU
		{456536A9-A7A9-4199-B2F8-25791451CD2D}.Release|x86.ActiveCfg = Release|Any CPU
		{456536A9-A7A9-4199-B2F8-25791451CD2D}.Release|x86.Build.0 = Release|Any CPU
		{27C20A39-9738-4EE1-83E8-1634D3779AA1}.Debug|Any CPU.ActiveCfg = Debug|Any CPU
		{27C20A39-9738-4EE1-83E8-1634D3779AA1}.Debug|Any CPU.Build.0 = Debug|Any CPU
		{27C20A39-9738-4EE1-83E8-1634D3779AA1}.Debug|x64.ActiveCfg = Debug|Any CPU
		{27C20A39-9738-4EE1-83E8-1634D3779AA1}.Debug|x64.Build.0 = Debug|Any CPU
		{27C20A39-9738-4EE1-83E8-1634D3779AA1}.Debug|x86.ActiveCfg = Debug|Any CPU
		{27C20A39-9738-4EE1-83E8-1634D3779AA1}.Debug|x86.Build.0 = Debug|Any CPU
		{27C20A39-9738-4EE1-83E8-1634D3779AA1}.Release|Any CPU.ActiveCfg = Release|Any CPU
		{27C20A39-9738-4EE1-83E8-1634D3779AA1}.Release|Any CPU.Build.0 = Release|Any CPU
		{27C20A39-9738-4EE1-83E8-1634D3779AA1}.Release|x64.ActiveCfg = Release|Any CPU
		{27C20A39-9738-4EE1-83E8-1634D3779AA1}.Release|x64.Build.0 = Release|Any CPU
		{27C20A39-9738-4EE1-83E8-1634D3779AA1}.Release|x86.ActiveCfg = Release|Any CPU
		{27C20A39-9738-4EE1-83E8-1634D3779AA1}.Release|x86.Build.0 = Release|Any CPU
		{4F2486BB-5B69-46DB-8B96-0902C95B33FC}.Debug|Any CPU.ActiveCfg = Debug|Any CPU
		{4F2486BB-5B69-46DB-8B96-0902C95B33FC}.Debug|Any CPU.Build.0 = Debug|Any CPU
		{4F2486BB-5B69-46DB-8B96-0902C95B33FC}.Debug|x64.ActiveCfg = Debug|Any CPU
		{4F2486BB-5B69-46DB-8B96-0902C95B33FC}.Debug|x64.Build.0 = Debug|Any CPU
		{4F2486BB-5B69-46DB-8B96-0902C95B33FC}.Debug|x86.ActiveCfg = Debug|Any CPU
		{4F2486BB-5B69-46DB-8B96-0902C95B33FC}.Debug|x86.Build.0 = Debug|Any CPU
		{4F2486BB-5B69-46DB-8B96-0902C95B33FC}.Release|Any CPU.ActiveCfg = Release|Any CPU
		{4F2486BB-5B69-46DB-8B96-0902C95B33FC}.Release|Any CPU.Build.0 = Release|Any CPU
		{4F2486BB-5B69-46DB-8B96-0902C95B33FC}.Release|x64.ActiveCfg = Release|Any CPU
		{4F2486BB-5B69-46DB-8B96-0902C95B33FC}.Release|x64.Build.0 = Release|Any CPU
		{4F2486BB-5B69-46DB-8B96-0902C95B33FC}.Release|x86.ActiveCfg = Release|Any CPU
		{4F2486BB-5B69-46DB-8B96-0902C95B33FC}.Release|x86.Build.0 = Release|Any CPU
		{FD061454-08B9-4033-BD62-C1C8AAB28639}.Debug|Any CPU.ActiveCfg = Debug|Any CPU
		{FD061454-08B9-4033-BD62-C1C8AAB28639}.Debug|Any CPU.Build.0 = Debug|Any CPU
		{FD061454-08B9-4033-BD62-C1C8AAB28639}.Debug|x64.ActiveCfg = Debug|Any CPU
		{FD061454-08B9-4033-BD62-C1C8AAB28639}.Debug|x64.Build.0 = Debug|Any CPU
		{FD061454-08B9-4033-BD62-C1C8AAB28639}.Debug|x86.ActiveCfg = Debug|Any CPU
		{FD061454-08B9-4033-BD62-C1C8AAB28639}.Debug|x86.Build.0 = Debug|Any CPU
		{FD061454-08B9-4033-BD62-C1C8AAB28639}.Release|Any CPU.ActiveCfg = Release|Any CPU
		{FD061454-08B9-4033-BD62-C1C8AAB28639}.Release|Any CPU.Build.0 = Release|Any CPU
		{FD061454-08B9-4033-BD62-C1C8AAB28639}.Release|x64.ActiveCfg = Release|Any CPU
		{FD061454-08B9-4033-BD62-C1C8AAB28639}.Release|x64.Build.0 = Release|Any CPU
		{FD061454-08B9-4033-BD62-C1C8AAB28639}.Release|x86.ActiveCfg = Release|Any CPU
		{FD061454-08B9-4033-BD62-C1C8AAB28639}.Release|x86.Build.0 = Release|Any CPU
		{03117CB9-5D70-4868-80E1-08825BC6281B}.Debug|Any CPU.ActiveCfg = Debug|Any CPU
		{03117CB9-5D70-4868-80E1-08825BC6281B}.Debug|Any CPU.Build.0 = Debug|Any CPU
		{03117CB9-5D70-4868-80E1-08825BC6281B}.Debug|x64.ActiveCfg = Debug|Any CPU
		{03117CB9-5D70-4868-80E1-08825BC6281B}.Debug|x64.Build.0 = Debug|Any CPU
		{03117CB9-5D70-4868-80E1-08825BC6281B}.Debug|x86.ActiveCfg = Debug|Any CPU
		{03117CB9-5D70-4868-80E1-08825BC6281B}.Debug|x86.Build.0 = Debug|Any CPU
		{03117CB9-5D70-4868-80E1-08825BC6281B}.Release|Any CPU.ActiveCfg = Release|Any CPU
		{03117CB9-5D70-4868-80E1-08825BC6281B}.Release|Any CPU.Build.0 = Release|Any CPU
		{03117CB9-5D70-4868-80E1-08825BC6281B}.Release|x64.ActiveCfg = Release|Any CPU
		{03117CB9-5D70-4868-80E1-08825BC6281B}.Release|x64.Build.0 = Release|Any CPU
		{03117CB9-5D70-4868-80E1-08825BC6281B}.Release|x86.ActiveCfg = Release|Any CPU
		{03117CB9-5D70-4868-80E1-08825BC6281B}.Release|x86.Build.0 = Release|Any CPU
	EndGlobalSection
	GlobalSection(SolutionProperties) = preSolution
		HideSolutionNode = FALSE
	EndGlobalSection
	GlobalSection(ExtensibilityGlobals) = postSolution
		SolutionGuid = {56BA4A65-3080-4567-875B-47E984F5FDC7}
	EndGlobalSection
EndGlobal
